U2FsdGVkX18iECIQIhAAADg/Ihnwgtx6mCFYssng5Nye/TnurR5xhDjsh1ERV0P/
oJ8s3j3p5Pm/lpcdogMCdV8AV6adDbtkpchb+8gGJ/SrEtA1ONLloecla0e2JZID
0TBEviWIPTIfe/op8aTO/NtbzY3JnOoO8qHWjEew9EtKLon6H/RBJYDDLQXiZr3L
WB1ulVz6zgjQp0xyTAFmqwc5UfB3DpFAB4PF2udJ1mqwI0/Mr2yeY9OCdjC3U+gL
qYmqwAfNmHYQm1BLxt++DxR3K1LB9UUP0oelfvNkt6Jh18osiuABUAzUa7j5ukNy
0ckFrStBONucq/KpMxcWIMBTF37hjNu8EpNaVnsG9tbc3c9kDQqKXv6jzLyguwQY
9bv2lOIJvBT5m2xfr0NZDH/RToTo2nlcHWHox7GKPwlHtoxGEqmvD3nETpXNvrX4
rcCVfjDYok85OYhQDo/ivpY58qdlJitWUkigTQtj71dateHx3ztB/6TcDXdg8TnD
Poq4l3wRgM1MliCaTFdRa8QDQnY+BB5iKy0QprOBhKSHPcl+ZZ1Hc8ibNoaHo+3Q
ohwW0ni5uyuiUNsp93TPoJuuNd/iCPBz2f+8sp70ndKXrL5YOxWWIz4ERMQnERi1
R3GPU7PgtXOYF15PcKJ4eWSx9AdAjLssEMr0OL6ceEHao12MFceNKzVjRKiFnja9
VNbp4t3YXgKYUHq36du1/B6sRvCLYceq12KZKKmy6ZzxWOJ5htD/O/nXaWmpC6Ac
0dmg9vU0iQjaiK1bMFxGAeJ+NkiWV+Z66X/e+anNRz8kLjUsUwi4Sl2GKzpgJGJj
Fjrn/9QryfbRI0A48zLwKnvL+BgmTUuIvOQtozHh07dSwdh6GCza5vL4KhXp555p
ywkkiiJkFUTrneHEP0BA5zIBUO2k47LSf/8BLelCYHNUApBOT6w+/jbe/O/8EKY3
L+BFLkYeAU7IufsrKHd5ZA3V9/hHidh2GYP5ecO49oPUP5IOjBJRlkaWbjXg06hM
1NdiJpRPNRA1srlkMMv5PlsPD9DwF/2GlU+ikBGFFJDYbETYwrPL9hko7lOlPbNS
eU+B5vHZP9kQ4l0uI6Ht+U0AT8byygwtR5ptTICS8xMuGNf3I1mTkRUXvR36aS4B
phFiosX69Q7Fd1LdMAz4u9sgMDeJ/JLDp6aE2Azr+xvXTuV0xm8VSSJNhBsuoEph
aML3USvhH1nMp0Of8zIUw7GGBo1Xd7air/arMdLtsEbty+SKfmKOPj2Tq49Zn9Ig
O6zlwQufVApwJVMt2iShlX33OgzfefHU8nPRap7+gvAp+Pxld623FMkLqWLzB/Xq
XcYHwzEWXsUIgbi2ofo4xuAdfIHGSzc0glM0WLgwKzSKWKM8KD8VCW+bn/dAHUpT
xykpsAngoDnLWHc8RHmMpgxOeIpICK1i3KjmBVXd18Av4EUuRh4BTsi5+ysod3lk
E9gv0V3na6tXzUNopDBzreJ5WbR4EaWtg549Jvx3qi/0IqTYAV1fwQScxaZkyX5V
ct571BnMeRwjOedcmlz5eWDq8hmt6/X828YtDLeYY/A/lDSoMhIo2DJTNeNE/DKB
OlU5eeV6Pewljbjib35X2WIogvpnxoXP1PUpL/ULda7lXLvEuF+9it/Rpgf8mHrM
CdKYZaZR4NTt+/LjPPWbmUkQpyZy/6HNxm9rHjYGmt4LE5XmTT53yPeTGyQLinXL
vktkvE7NGa9+P65vFp/crMNpN/oX/JcBMDAAdDRKuE8JhrwrTdiviK2WNZHdMfv9
8GQaJCa57r7FAee+iufmvM4LH5Y2CtRUSVFjYek9V8U/WcTu+Wo2/xDW8liiVh/E
LHikS/ssTj3lLeXclt/ffWmfDc56x1kTz9hC2cCMBKUVSrOqs5aTCAI/uUzY7F5t
a/veU2XXsxo+s1aA6/aNEPXv3dETzCjgIsJBqsvqLP42MB7gGr3q01Mret7F9Au4
ygSHPNzk6K0Atag0UzVa9wzqgGajof9i6qpOsH9FOmn45Q/oHbeaTLLFS9AMreXs
fRbathzLVJ1Ei5Z7UwI6P+n5ExAt8qknQADMHgi+Ie6oSpjPf4hnYzffCDhlPEHp
QBvJJjYJUGGCR5UU9Sg6PoCwk7FLyugof0IJYOsAxpVODNtUXEOSmSsZG4oM8igX
g80dZZE6IfFMN9aE6eeU+UJK/WG1gUj1FwysjrXgkA4KMussNH+6hxD1Seg/Yhuk
vnQ0i0yAP/TRKxDbNrUpWLB6jvEG0HApv92AoDGRIukeHt+wpzIzA/BsuqqFS2+0
OUYJpDSUEwoUUiOdPW2ZcpIU2uLbMgpw1uS+IKgVlH3kyPY/YG8/nufDZwRrn/eh
bxrm9vsRdXgszpodANRq3Nh52WSgTaPoDWMvm2e6JX/52yndETdPMrpo8EPqNCa9
nnR8paIVtQUmswLMm2mFnJNq58gHd27+gekNN6fnpi1LXBn55p6pJYDrOTnpjdxc
p1ghW8SZU7zS3K9iJIpcP3ihJrD1afJjJVtSlbYPnQ7BE8RDyz6uLiv0P/NftWet
1bOsrzcVRghM7AtUy/BWEvUn2WhZw+oIzFmKmNTnsWzIWFHXZvniuFqsSMqWW+F7
khtlOHk36iwuFH2tFvIYuQgGVt0vZZHw9K7K/+7GN2Fmj8wxdmQsOUHoVqSnc+KW
6kXprDT9JMRr2iA936vp0dkZNwO3G3/q79vJTQxw+0v/K63+lb8eWSW1mvcmKr/B
aeDjs6KSkgDdO/3AIKLY95iyH8pe3hM6S5GeA69dti6lkukEu7IIK8xNlpf5DbPr
X1zE1LKIu4MQi9nRmBPG9+sv9vXmjt5cGa+ujpstgM0jAIZAn0f7j67e7tgaeQKg
2LvLOi+s6gmRVYSqUY2+ScXTlJkZUYG3It17G+kAF7PZk3DFJrTrnm6JSjCh12dJ
n3Ow9sFZ26ndco+clMgsy/Iv6DC/FkSYAdtV3cDlPklHcYt3pE52aKQ7U9tn0dFc
Vxnqq6J/J1YAy7NBJlyqz1hEltqPJDULuHApfci8Qjjdh714Q6g42HWeN0nlPL8s
d/RtKvIcI5MUvpXTgr87BzLDsLzG5EAGFP+pS/D6FTlA65kAtemx0MGJ6Ed9DPOi
1mjWdA4/MVeeSVW0Spf/n+rVptLJGTzWjIuz39SyTyI6+cb/6xg8UEChMclW8lhJ
RvB1o+IgYTYtgQmaCzHGsQgolrSscSAExpv3ap0BIrhiBz2g3izou6oim6y8ysvE
IStM8pe5JTiz7hHN4wYA8SsEhKg3CkA1KPTTMso1J1CERbkUGZmIoUjD/nlm/O0z
2rukzOn5ULv1ILmJpz6mJzcZVvOk/MxZTYs0QJ1qQq3KhQ6Sn2etHXkiN830ILxq
knj/dn4NBzAyTsKGO5lBj5DNxF9lYqTfeNJX1dl4gyAasjdf8VO08GNo+KZ/jn00
yfYN9VaCIbQsO9Blt1cp7GwDFxHlJwhEsQ5YZqTXLPkllExlzChdQzrv6ECHiW9C
U1dSOm6/SQmSPFxzx1gpyI2W0YFhr5EstYqNQ0oHiHmqWO2g3q5tcxjX3f0Vozxp
yr+3pd9ndfHufVeq2x6kOc5mxjDoJh1CE89G3puZ0uso5TXxSPbsYNdeH1EPnE1m
w60FFc9RoH4A8IR/Qc6TIs0kaJHTKZNNARlVkcRRM8KBCXBgQvzUVcrNoPnRyzj1
BKsm96RdY2ZyNsSJLgb6dGtxS0JeXtVIcrYn8IOqGMBNl6AY4MZ7qqsPS6vp9g6s
AQO0DUcrLo0be+xzDhWAJrQywDaZQhdtgfod+t5MtNChs6FJdu+p27nw1oZ358L6
aVBvORUeGjEMVoCyQxdn0LMYdc3f+l5OqtVvWjQhH1TQSe2Myg9cynUHoNRGrMOh
8yOdGvLvhGrgM9ORiAiQ56hbVLpRBMCptqa/u8UR5LMnQ6vBTL2+9S4c/eHaMJ1k
cdyiXIs9kh764QIkdMk42j3XhonBnVRIxrKbbd18KzebmV3LhmHVEZ7Kbum/Gz5Q
/v95LTKHRpdlUCWGCGEzHFvBVgNN2bVRvLPv8rMpTs3feqnr4e95FZ+ObmVO2x9D
gyTJpv8b0xme3lxr6nlPd4RvVrWxIFEBP5kCDAyGFbGBCXBgQvzUVcrNoPnRyzj1
MfMbJ0kZzkR1H21n6Crxevq/Ep69HLsHNaGEKM9QaAsHn/Q3UwIOeL9AG+HpW6DG
AwTtUNXGpizpQFOhCaYIWnrkhhaldmr4IbS62rn1qqKXLp1FayV7+hDsvZ84eSLb
MMhiV68hI2w9XGXk5dwpJ1QcB20ZxvZSJuDDT5UpNlqMVxfbaFc1tDbyvG1Wk3yX
AQDrgYbSC5F80PXM1650xTWHRbyPG6MzLsP/sQtFc2QlCFneyNVq0JUSXspeBCdL
4aVzZ/ujiajwNVeodcygH3+pV0Ka2iI9Fnuxio/sccFRkyumvg4VnY7NMecxl/5i
vlF/kH3y/7xd6lEgcgx2Ip+5ZeO2WKh1XJxrR5d+5R+0inV+t7ojn3PXK7yXd3VL
tkhd3dsnDGAHdtdLt8CdSPB4X4unmKbb9YvDNh9zorakiwfIDYGEwl2lclOui93i
OzaXBmGLFmnnys/dwVEyaPuX5fD5V1lzIU6JNro+yqtp5SwBclf09CFFI3E6Nmee
kihZnKx4glW6TNJr36wBQ/XoRjyrGTvuFRrsPKjfUGPMYjjGzj3xMt3SWVlFu/d2
GDlEr7kfhwjvhny9B+r3izut6zqIKMp+dhMUXvanMEOv1o7GmhB98seSfBINvQZ5
JkkQvYEzjOshDJoTf9g/FAHBzTLv2FI9tkFiIW8l/vPpsai0wUSscmqsbVcLU2GZ
UlgSjl5pQoPu8RzrJWSL1jQHEK+6c123Euc64NE9gfc6eDoqVza5bbfPLhFMnuMt
pgfV4gucQDd7EDrfSLaXNbfmEpGI/ywZmKanJtie7BX6x+gjjapTkKPBBVP501yv
/bPBIpCSZY3uN0GE4IkmDdsqx6xgVI6o5NQUAq1x8dYv4EUuRh4BTsi5+ysod3lk
E9gv0V3na6tXzUNopDBzrRkpFM3D1t+WcFkG7dQc7jqbzPI2COvTpg+OMi0nYOQg
bSyXCQJYuGiyOjalUfrC41BqJ+tPgC0xAYLMkTbMAS/6Mv4IyA/AaSbkRYyNJlDd
H2+nwZczr/13tbN7FlC2EH7bkWnodt3is2kXygb/rXxgx6E4+SuYLMLe6CsVbriA
0DXJhLODGgBJHq99Vky7zEITtMveLoLq4XtO98+nS7c7uVFi8wiA/BQmDBjfzY5p
oAKBb06MEwVFQcKXk8QfttIoQJ+0rLx8RXW0nu0KJ2Zk105+oqwA22Z7EQMgeJDK
nZzlssxUe4tf7tkCAnCtov7Lg97vpOpXihoo+pvZLtA9bRq/1kyHRC6qxf5isbWi
FCh/nDWrBfvhEuEFm9+v8cNf3Zz+2cT9U12OITpf1jNaLKImIgcildgfewH6HmLI
+U7CEoNoSONLUy4JPA3njYu/MG1IX2kMp8+U8vKBOstEief/2rp6c0AqpaHptMdk
vMm2wpcrzgh5ZJLAjV87ZzDf1/13FzNtytAtDfmNPPRrFcva/PHHQqn8e8ErOCsK
8103DadBcFIddBKhWJIj+HLu2adYNXk/QT6yrzNWOhx7y/gYJk1LiLzkLaMx4dO3
0gOAdgvncnepQfsN5xWNHzUgI0uvfGEDIKMci/KoUMoA2WXL0pm89cRROPRrdhUy
oQtFulVJCNi3zYBNRkn03AuF3f8oKmt+wsgsgrXSDzFSeeqaOSB8iTjDRlasg3ve
Fr/Lw4MvxJ7f/6jeyK2bEv5w7rAl7O7TidzNbwjQ7G4v4EUuRh4BTsi5+ysod3lk
DdX3+EeJ2HYZg/l5w7j2g9yTD0VvzedHEDWeHCSR3W8nxlX3OefhkBTc5qNeA4b6
0fomAuS/EpBBpgO+XDQloXwnv9w+/MbaHsMT+Di8NXcDXKwbGrmQRoTDcjrWLnju
nHErPDa1G2drbCSi+xuuFg8E5RdVWLRy7G2/F5I607lDqfgN5PekgTJfXOQyst9W
mh4FSGnFHsLN5JbkgzJzrAa2WTeGWU/PHKiwr+e1paASAiP+Pu9g5oe6BN9R2I+8
aXeZfxDXCOFKe8wfJ+g8KkzZTZneFVW4MXF3EoYQ1KbcKgXKrCpGMinldJAzOX4q
olCmOhA0syiOab0S49UdE+kxRj1rMonjGJjIIHLsJYKssMEkJCt/wUKyFesPVFJI
2zO3Gtib9ftip6ulfLWCaPMKvy3lZFZKmpvA4SehU5v0PsLq6ULxgFBbiDc8Oerh
Y+tkJfAPCzucrn59qxgTQmOXR1mP0OWOm+qlDIxnu0j9W21+dthWoOsxnIuiDpXs
xFbnxm7v54zgvrkrgqkCQ5+pSLjQiIcoch3RBTM1kbFMJ8m3XRTbeln7wC6TkgCp
m/AfGQ3Okdbtr0biaMV7BUvZIX1xPaIKrS4+XcgpYqglQzVHtAJVXnj9qaxCabew
mfBCB684163Z3Q0dMWM2dhW3MCbwImJlT0qDRsAho6HKHKNkL7wD0ZdgM4uNDh8U
vyli48Run8uFme7pRtTEDawdm2GzndgTxlqmx3c1EC6UqmKvdpFbycJiSdMSXjkl
tphlRJYJuEW3O8D2iNXnSKmJqsAHzZh2EJtQS8bfvg/kGEntFIZAuBucuLBik7kU
mRoTMJ6HOQEnz1TW0N5Ts+pHgh0+u0PBeZSyMi/Jmo6ssMEkJCt/wUKyFesPVFJI
Au2CdWBBjLSH9+yorb3eRqNxqhiQdVY35YqTTrNh9imDl1FMcT2AvvwPlac1J4KC
ZQnFX/g8Apcl/izRMUgh8yVDNUe0AlVeeP2prEJpt7C9Pc4REAMHYIC8lSoYKzgG
9xhJHT0GL0f1OuwcN3/LnQKSefdl5RJdj+yWcp6oAAq5aUAnTLAjFrgkBZ0++l9O
c1NoQD2St03Rh1a8wXh8Gpd6MnFS8yC5Az5LqqeD4plb6ApZizpFglcLpbGAOzYO
BzYbv7cjQ4SBTueJs+bqyzpVOXnlej3sJY244m9+V9nVOZUgpnTPrqWUzUYKiURa
SOOZAxSsgbHh9iGs4pdh1f5slug8CnZhrItVJhe5aiCdkiuL5LjyNI9QLppe/S0b
/fT/vSI9jFAemE/BnDTybn3N9fEs7NK1cxKEgVJ+3lMTI7HdvBiFIDPhEZ60mJ19
wRHHiO2X7UBrUvLMX3ROYcKxpTMyMpobsSf4ovY0v4StfLqU6ATPBS6Nfru0ZGeh
8sXnRE1FDqkUHXk1wc3GBfCtqYCx8gunN8WIV7jm1Yty4fzTseUjPS7Z9/atDIko
vAZNdCOhJkITgon2Q2Bk0Do+ol4X8Md9JKY1DVzCa/xClhfudCjviqC4aRdwVd4l
nRhXmI5TpkYgp+y1y7gJhRP5k9AoeXStXd0RpRDoYRdcQIESqnS5JTkgYCQrCIUU
m7nMCr5o/GgZv6RmMXG4hfebZpdr4bIPygqeY/8CfFLOl4F2aBqniUFDnUFa1adf
nJ+9bDIuBimpxcdJQRHP5WyhZ/PsmrJ4w13pLMYIL+bRT5J/61GGrl41739DcBvZ
4EAlM7A1caKpkKibURaPNr/hOV+WAK3/ueC4Fkrdi9Xgzcl++Bkg72kWPLaxifQu
WESW2o8kNQu4cCl9yLxCODbeScQI6RbN67yiLG9n+Jbm+hNw0jEiDoi9GsesSOrd
T4kFVuo6D+AFMsHUramUNILAI8p33RAQb2qqvqq8aqtqbJYASfCbBUZJCH2dtJIE
SKJsYrItikpAAWkwIEVxU52Qu5Qr9WFOq7T2jfBSswGq6Xt0da+Ml0tRHMOZ6hL3
lJ3J7ah4JBuNM6MhdA0hb0s5jCBOC/A+4CC/N3n7w2V2TdwEO/oEqz3aiQZtrIN7
kZw+MihPPROa7iZY2+nIaFQGTeuLzldGgroE7Nklp5VHCOcPJEM7RudDrSWDFoRF
nyzl9SBtsWZ529FzCKt5omdRcn89YTjZsLsGfZPc7B5ONWVNiYza+NZUpTeS3fgM
QyiZJszoO5XGBOyrF2xFuheKOWvY33jKT2AF4hhriClB8iketOzt4BJQw/lsn912
NKNo0U/w9itRwPld9X3CpjjpMI3rFuejMjenjZqottZ2AU/JYQSsf5U/8f/4JCMM
9QtvXORTG7XetZ9ri2PR2KHzR7pRV21gSELdfy6HxzDxdf0/CNheHcMXBqFcNdDg
TCgFq5toc4NsOhNNzVPkwbd5bayvayfmULuBSjK4Y9K1+xsR+cGhdF/bL4DYu92S
RgV/v6e3DRgkGN1qO44jRjJyLBUI0LwZpvqKl3w8022D5R0FtfKLJhUlF/1WZ1nE
XDaX4lK9S/K0eAgXDYkcyDKBj19AbEGlAbQX13kWCCE4KJs/7AzkoNQ4jysnXhPe
nhyjHda+oX3nWVesFLuxYU/whWPMp9eiv+y0uLrVIrU3YT2d1fPzdpxFSUOzToWQ
PazvevYLRTejV0q0RHP85V1NLaYoRkrDQySPv0M4MxPvibjnCMz9SPARV/6+CEex
VzN73hUdc6rQeZlRICDHeEWYNunUt9ZtWXMkXqBDQetbaIOZrV2dvj0t6k59sTyT
3+0gDn5EY6NQl5blCJanOO3s3T7P86g8I+7Zaa4nWr+SC4LBx9ULOz/Tl+C7Aiaa
hgAfSee+9G1B+z0AiVBAza2T4FhBsNK3PhF/IMbEWS7b/a3+zQtvwdPFUT+OnBts
ZKS6EjrTZbX8PUyyeSiqYBVxebYtwKHON+0JEYo9g6GzmJjqlv18qtEM+jeG3ZJA
TyUHR804tzm1QZ6VA4KdwVq6sN44xa/1yOWlzVHzwUjL97vvqAjy+fW9khWqSul4
6wV1uS3yH1XVTrymvu4cNubV4J3aTT25wMcLoyHbLg2TC/CSwY7phdR/pZCbJkCf
sjI05oOT31wZsqoDi8Zgs8mJqCSPLxiH7plyvogWyQI=
